
Microsoft Visual Studio Solution File, Format Version 12.00
# Visual Studio Version 16
VisualStudioVersion = 16.0.31313.79
MinimumVisualStudioVersion = 10.0.40219.1
Project("{FAE04EC0-301F-11D3-BF4B-00C04F79EFBC}") = "InterfaceProject", "InterfaceProject\InterfaceProject.csproj", "{5F5CF44A-A257-4FCA-90B9-19900865965F}"
EndProject
Global
	GlobalSection(SolutionConfigurationPlatforms) = preSolution
		Debug|Any CPU = Debug|Any CPU
		Release|Any CPU = Release|Any CPU
	EndGlobalSection
	GlobalSection(ProjectConfigurationPlatforms) = postSolution
		{5F5CF44A-A257-4FCA-90B9-19900865965F}.Debug|Any CPU.ActiveCfg = Debug|Any CPU
		{5F5CF44A-A257-4FCA-90B9-19900865965F}.Debug|Any CPU.Build.0 = Debug|Any CPU
		{5F5CF44A-A257-4FCA-90B9-19900865965F}.Release|Any CPU.ActiveCfg = Release|Any CPU
		{5F5CF44A-A257-4FCA-90B9-19900865965F}.Release|Any CPU.Build.0 = Release|Any CPU
	EndGlobalSection
	GlobalSection(SolutionProperties) = preSolution
		HideSolutionNode = FALSE
	EndGlobalSection
	GlobalSection(ExtensibilityGlobals) = postSolution
		SolutionGuid = {0457CC0F-0C81-426B-92D3-7BB96A1D4D1E}
	EndGlobalSection
EndGlobal
